
Microsoft Visual Studio Solution File, Format Version 12.00
# Visual Studio Version 16
VisualStudioVersion = 16.0.28516.95
MinimumVisualStudioVersion = 10.0.40219.1
Project("{9A19103F-16F7-4668-BE54-9A1E7A4F7556}") = "PixivSharp", "PixivSharp\PixivSharp.csproj", "{CE1B91E2-BCA9-4DED-8603-FB7B8B55638D}"
EndProject
Project("{9A19103F-16F7-4668-BE54-9A1E7A4F7556}") = "PixivSharp.Console", "PixivSharp.Console\PixivSharp.Console.csproj", "{C63D0359-A9AD-49FD-97E1-F145C8EB78EE}"
EndProject
Global
	GlobalSection(SolutionConfigurationPlatforms) = preSolution
		Debug|Any CPU = Debug|Any CPU
		Release|Any CPU = Release|Any CPU
	EndGlobalSection
	GlobalSection(ProjectConfigurationPlatforms) = postSolution
		{CE1B91E2-BCA9-4DED-8603-FB7B8B55638D}.Debug|Any CPU.ActiveCfg = Debug|Any CPU
		{CE1B91E2-BCA9-4DED-8603-FB7B8B55638D}.Debug|Any CPU.Build.0 = Debug|Any CPU
		{CE1B91E2-BCA9-4DED-8603-FB7B8B55638D}.Release|Any CPU.ActiveCfg = Release|Any CPU
		{CE1B91E2-BCA9-4DED-8603-FB7B8B55638D}.Release|Any CPU.Build.0 = Release|Any CPU
		{C63D0359-A9AD-49FD-97E1-F145C8EB78EE}.Debug|Any CPU.ActiveCfg = Debug|Any CPU
		{C63D0359-A9AD-49FD-97E1-F145C8EB78EE}.Debug|Any CPU.Build.0 = Debug|Any CPU
		{C63D0359-A9AD-49FD-97E1-F145C8EB78EE}.Release|Any CPU.ActiveCfg = Release|Any CPU
		{C63D0359-A9AD-49FD-97E1-F145C8EB78EE}.Release|Any CPU.Build.0 = Release|Any CPU
	EndGlobalSection
	GlobalSection(SolutionProperties) = preSolution
		HideSolutionNode = FALSE
	EndGlobalSection
	GlobalSection(ExtensibilityGlobals) = postSolution
		SolutionGuid = {A53DAFCE-8356-4FD5-88EE-35A26A2017AD}
	EndGlobalSection
EndGlobal
